cloud.google.com/go/iam v1.1.7 h1:z4VHOhwKLF/+UYXAJDFwGtNF0b6gjsW1Pk9Ml0U/IoM=
cloud.google.com/go/iam v1.1.7/go.mod h1:J4PMPg8TtyurAUvSmPj8FF3EDgY1SPRZxcUGrn7WXGA=
cloud.google.com/go/longrunning v0.5.6 h1:xAe8+0YaWoCKr9t1+aWe+OeQgN/iJK1fEgZSXmjuEaE=
cloud.google.com/go/longrunning v0.5.6/go.mod h1:vUaDrWYOMKRuhiv6JBnn49YxCPz2Ayn9GqyjaBT8/mA=
github.com/bufbuild/protocompile v0.8.0 h1:9Kp1q6OkS9L4nM3FYbr8vlJnEwtbpDPQlQOVXfR+78s=
github.com/bufbuild/protocompile v0.8.0/go.mod h1:+Etjg4guZoAqzVk2czwEQP12yaxLJ8DxuqCJ9qHdH94=
github.com/ghodss/yaml v1.0.0 h1:wQHKEahhL6wmXdzwWG11gIVCkOv05bNOh+Rxn0yngAk=
github.com/ghodss/yaml v1.0.0/go.mod h1:4dBDuWmgqj2HViK6kFavaiC9ZROes6MMH2rRYeMEF04=
github.com/golang/protobuf v1.5.4 h1:i7eJL8qZTpSEXOPTxNKhASYpMn+8e5Q6AdndVa1dWek=
github.com/golang/protobuf v1.5.4/go.mod h1:lnTiLA8Wa4RWRcIUkrtSVa5nRhsEGBg48fD6rSs7xps=
github.com/google/go-cmp v0.6.0 h1:ofyhxvXcZhMsU5ulbFiLKl/XBFqE1GSq7atu8tAmTRI=
github.com/google/go-cmp v0.6.0/go.mod h1:17dUlkBOakJ0+DkrSSNjCkIjxS6bF9zb3elmeNGIjoY=
github.com/jhump/protoreflect v1.15.6 h1:WMYJbw2Wo+KOWwZFvgY0jMoVHM6i4XIvRs2RcBj5VmI=
github.com/jhump/protoreflect v1.15.6/go.mod h1:jCHoyYQIJnaabEYnbGwyo9hUqfyUMTbJw/tAut5t97E=
github.com/russross/blackfriday/v2 v2.1.0 h1:JIOH55/0cWyOuilr9/qlrm0BSXldqnqwMsf35Ld67mk=
github.com/russross/blackfriday/v2 v2.1.0/go.mod h1:+Rmxgy9KzJVeS9/2gXHxylqXiyQDYRxCVz55jmeOWTM=
gitlab.com/golang-commonmark/html v0.0.0-20191124015941-a22733972181 h1:K+bMSIx9A7mLES1rtG+qKduLIXq40DAzYHtb0XuCukA=
gitlab.com/golang-commonmark/html v0.0.0-20191124015941-a22733972181/go.mod h1:dzYhVIwWCtzPAa4QP98wfB9+mzt33MSmM8wsKiMi2ow=
gitlab.com/golang-commonmark/linkify v0.0.0-20191026162114-a0c2df6c8f82 h1:oYrL81N608MLZhma3ruL8qTM4xcpYECGut8KSxRY59g=
gitlab.com/golang-commonmark/linkify v0.0.0-20191026162114-a0c2df6c8f82/go.mod h1:Gn+LZmCrhPECMD3SOKlE+BOHwhOYD9j7WT9NUtkCrC8=
gitlab.com/golang-commonmark/markdown v0.0.0-20211110145824-bf3e522c626a h1:O85GKETcmnCNAfv4Aym9tepU8OE0NmcZNqPlXcsBKBs=
gitlab.com/golang-commonmark/markdown v0.0.0-20211110145824-bf3e522c626a/go.mod h1:LaSIs30YPGs1H5jwGgPhLzc8vkNc/k0rDX/fEZqiU/M=
gitlab.com/golang-commonmark/mdurl v0.0.0-20191124015652-932350d1cb84 h1:qqjvoVXdWIcZCLPMlzgA7P9FZWdPGPvP/l3ef8GzV6o=
gitlab.com/golang-commonmark/mdurl v0.0.0-20191124015652-932350d1cb84/go.mod h1:IJZ+fdMvbW2qW6htJx7sLJ04FEs4Ldl/MDsJtMKywfw=
gitlab.com/golang-commonmark/puny v0.0.0-20191124015043-9f83538fa04f h1:Wku8eEdeJqIOFHtrfkYUByc4bCaTeA6fL0UJgfEiFMI=
gitlab.com/golang-commonmark/puny v0.0.0-20191124015043-9f83538fa04f/go.mod h1:Tiuhl+njh/JIg0uS/sOJVYi0x2HEa5rc1OAaVsb5tAs=
gitlab.com/opennota/wd v0.0.0-20180912061657-c5d65f63c638 h1:uPZaMiz6Sz0PZs3IZJWpU5qHKGNy///1pacZC9txiUI=
gitlab.com/opennota/wd v0.0.0-20180912061657-c5d65f63c638/go.mod h1:EGRJaqe2eO9XGmFtQCvV3Lm9NLico3UhFwUpCG/+mVU=
golang.org/x/net v0.21.0 h1:AQyQV4dYCvJ7vGmJyKki9+PBdyvhkSd8EIx/qb0AYv4=
golang.org/x/net v0.21.0/go.mod h1:bIjVDfnllIU7BJ2DNgfnXvpSvtn8VRwhlsaeUTyUS44=
golang.org/x/net v0.22.0 h1:9sGLhx7iRIHEiX0oAJ3MRZMUCElJgy7Br1nO+AMN3Tc=
golang.org/x/net v0.22.0/go.mod h1:JKghWKKOSdJwpW2GEx0Ja7fmaKnMsbu+MWVZTokSYmg=
golang.org/x/sync v0.6.0 h1:5BMeUDZ7vkXGfEr1x9B4bRcTH4lpkTkpdh0T/J+qjbQ=
golang.org/x/sys v0.17.0 h1:25cE3gD+tdBA7lp7QfhuV+rJiE9YXTcS3VG1SqssI/Y=
golang.org/x/sys v0.17.0/go.mod h1:/VUhepiaJMQUp4+oa/7Zr1D23ma6VTLIYjOOTFZPUcA=
golang.org/x/sys v0.18.0 h1:DBdB3niSjOA/O0blCZBqDefyWNYveAYMNF1Wum0DYQ4=
golang.org/x/sys v0.18.0/go.mod h1:/VUhepiaJMQUp4+oa/7Zr1D23ma6VTLIYjOOTFZPUcA=
golang.org/x/text v0.3.2/go.mod h1:bEr9sfX3Q8Zfm5fL9x+3itogRgK3+ptLWKqgva+5dAk=
golang.org/x/text v0.14.0 h1:ScX5w1eTa3QqT8oi6+ziP7dTV1S2+ALU0bI+0zXKWiQ=
golang.org/x/text v0.14.0/go.mod h1:18ZOQIKpY8NJVqYksKHtTdi31H5itFRjB5/qKTNYzSU=
golang.org/x/tools v0.0.0-20180917221912-90fa682c2a6e/go.mod h1:n7NCudcB/nEzxVGmLbDWY5pfWTLqBcC2KZ6jyYvM4mQ=
google.golang.org/genproto v0.0.0-20240314234333-6e1732d8331c h1:1AVpelW1Ld8u6QbfPlwh00uAsR3xrnfn6FIJsCags3k=
google.golang.org/genproto v0.0.0-20240314234333-6e1732d8331c/go.mod h1:/3XmxOjePkvmKrHuBy4zNFw7IzxJXtAgdpXi8Ll990U=
google.golang.org/genproto v0.0.0-20240318140521-94a12d6c2237 h1:PgNlNSx2Nq2/j4juYzQBG0/Zdr+WP4z5N01Vk4VYBCY=
google.golang.org/genproto v0.0.0-20240318140521-94a12d6c2237/go.mod h1:9sVD8c25Af3p0rGs7S7LLsxWKFiJt/65LdSyqXBkX/Y=
google.golang.org/genproto/googleapis/api v0.0.0-20240314234333-6e1732d8331c h1:kaI7oewGK5YnVwj+Y+EJBO/YN1ht8iTL9XkFHtVZLsc=
google.golang.org/genproto/googleapis/api v0.0.0-20240314234333-6e1732d8331c/go.mod h1:VQW3tUculP/D4B+xVCo+VgSq8As6wA9ZjHl//pmk+6s=
google.golang.org/genproto/googleapis/api v0.0.0-20240318140521-94a12d6c2237 h1:RFiFrvy37/mpSpdySBDrUdipW/dHwsRwh3J3+A9VgT4=
google.golang.org/genproto/googleapis/api v0.0.0-20240318140521-94a12d6c2237/go.mod h1:Z5Iiy3jtmioajWHDGFk7CeugTyHtPvMHA4UTmUkyalE=
google.golang.org/genproto/googleapis/rpc v0.0.0-20240314234333-6e1732d8331c h1:lfpJ/2rWPa/kJgxyyXM8PrNnfCzcmxJ265mADgwmvLI=
google.golang.org/genproto/googleapis/rpc v0.0.0-20240314234333-6e1732d8331c/go.mod h1:WtryC6hu0hhx87FDGxWCDptyssuo68sk10vYjF+T9fY=
google.golang.org/genproto/googleapis/rpc v0.0.0-20240318140521-94a12d6c2237 h1:NnYq6UN9ReLM9/Y01KWNOWyI5xQ9kbIms5GGJVwS/Yc=
google.golang.org/genproto/googleapis/rpc v0.0.0-20240318140521-94a12d6c2237/go.mod h1:WtryC6hu0hhx87FDGxWCDptyssuo68sk10vYjF+T9fY=
google.golang.org/grpc v1.62.1 h1:B4n+nfKzOICUXMgyrNd19h/I9oH0L1pizfk1d4zSgTk=
google.golang.org/grpc v1.62.1/go.mod h1:IWTG0VlJLCh1SkC58F7np9ka9mx/WNkjl4PGJaiq+QE=
google.golang.org/protobuf v1.33.0 h1:uNO2rsAINq/JlFpSdYEKIZ0uKD/R9cpdv0T+yoGwGmI=
google.golang.org/protobuf v1.33.0/go.mod h1:c6P6GXX6sHbq/GpV6MGZEdwhWPcYBgnhAHhKbcUYpos=
gopkg.in/check.v1 v0.0.0-20161208181325-20d25e280405 h1:yhCVgyC4o1eVCa2tZl7eS0r+SDo693bJlVdllGtEeKM=
gopkg.in/check.v1 v0.0.0-20161208181325-20d25e280405/go.mod h1:Co6ibVJAznAaIkqp8huTwlJQCZ016jof/cbN4VW5Yz0=
gopkg.in/yaml.v2 v2.2.8 h1:obN1ZagJSUGI0Ek/LBmuj4SNLPfIny3KsKFopxRdj10=
gopkg.in/yaml.v2 v2.2.8/go.mod h1:hI93XBmqTisBFMUTm0b8Fm+jr3Dg1NNxqwp+5A1VGuI=
